// !$*UTF8*$!
{
	archiveVersion = 1;
	classes = {
	};
	objectVersion = 56;
	objects = {

/* Begin PBXBuildFile section */
		8C4238C22C7834E700B2EB2F /* AppDelegate.swift in Sources */ = {isa = PBXBuildFile; fileRef = 8C4238C12C7834E700B2EB2F /* AppDelegate.swift */; };
		8C4238C42C7834E700B2EB2F /* SceneDelegate.swift in Sources */ = {isa = PBXBuildFile; fileRef = 8C4238C32C7834E700B2EB2F /* SceneDelegate.swift */; };
		8C4238C62C7834E700B2EB2F /* ViewController.swift in Sources */ = {isa = PBXBuildFile; fileRef = 8C4238C52C7834E700B2EB2F /* ViewController.swift */; };
		8C4238CB2C7834E800B2EB2F /* Assets.xcassets in Resources */ = {isa = PBXBuildFile; fileRef = 8C4238CA2C7834E800B2EB2F /* Assets.xcassets */; };
		8C4238D92C7834E900B2EB2F /* AutoLayoutTests.swift in Sources */ = {isa = PBXBuildFile; fileRef = 8C4238D82C7834E900B2EB2F /* AutoLayoutTests.swift */; };
		8C4238E32C7834E900B2EB2F /* AutoLayoutUITests.swift in Sources */ = {isa = PBXBuildFile; fileRef = 8C4238E22C7834E900B2EB2F /* AutoLayoutUITests.swift */; };
		8C4238E52C7834E900B2EB2F /* AutoLayoutUITestsLaunchTests.swift in Sources */ = {isa = PBXBuildFile; fileRef = 8C4238E42C7834E900B2EB2F /* AutoLayoutUITestsLaunchTests.swift */; };
		8C4238F52C78358200B2EB2F /* AutoLayout.swift in Sources */ = {isa = PBXBuildFile; fileRef = 8C4238F42C78358200B2EB2F /* AutoLayout.swift */; };
		8C4238F82C78376C00B2EB2F /* NSLayoutConstraint+Extension.swift in Sources */ = {isa = PBXBuildFile; fileRef = 8C4238F72C78376C00B2EB2F /* NSLayoutConstraint+Extension.swift */; };
		8C4238FA2C7837C400B2EB2F /* Array+Extension.swift in Sources */ = {isa = PBXBuildFile; fileRef = 8C4238F92C7837C400B2EB2F /* Array+Extension.swift */; };
/* End PBXBuildFile section */

/* Begin PBXContainerItemProxy section */
		8C4238D52C7834E900B2EB2F /* PBXContainerItemProxy */ = {
			isa = PBXContainerItemProxy;
			containerPortal = 8C4238B62C7834E700B2EB2F /* Project object */;
			proxyType = 1;
			remoteGlobalIDString = 8C4238BD2C7834E700B2EB2F;
			remoteInfo = AutoLayout;
		};
		8C4238DF2C7834E900B2EB2F /* PBXContainerItemProxy */ = {
			isa = PBXContainerItemProxy;
			containerPortal = 8C4238B62C7834E700B2EB2F /* Project object */;
			proxyType = 1;
			remoteGlobalIDString = 8C4238BD2C7834E700B2EB2F;
			remoteInfo = AutoLayout;
		};
/* End PBXContainerItemProxy section */

/* Begin PBXFileReference section */
		8C4238BE2C7834E700B2EB2F /* AutoLayout.app */ = {isa = PBXFileReference; explicitFileType = wrapper.application; includeInIndex = 0; path = AutoLayout.app; sourceTree = BUILT_PRODUCTS_DIR; };
		8C4238C12C7834E700B2EB2F /* AppDelegate.swift */ = {isa = PBXFileReference; lastKnownFileType = sourcecode.swift; path = AppDelegate.swift; sourceTree = "<group>"; };
		8C4238C32C7834E700B2EB2F /* SceneDelegate.swift */ = {isa = PBXFileReference; lastKnownFileType = sourcecode.swift; path = SceneDelegate.swift; sourceTree = "<group>"; };
		8C4238C52C7834E700B2EB2F /* ViewController.swift */ = {isa = PBXFileReference; lastKnownFileType = sourcecode.swift; path = ViewController.swift; sourceTree = "<group>"; };
		8C4238CA2C7834E800B2EB2F /* Assets.xcassets */ = {isa = PBXFileReference; lastKnownFileType = folder.assetcatalog; path = Assets.xcassets; sourceTree = "<group>"; };
		8C4238CF2C7834E800B2EB2F /* Info.plist */ = {isa = PBXFileReference; lastKnownFileType = text.plist.xml; path = Info.plist; sourceTree = "<group>"; };
		8C4238D42C7834E900B2EB2F /* AutoLayoutTests.xctest */ = {isa = PBXFileReference; explicitFileType = wrapper.cfbundle; includeInIndex = 0; path = AutoLayoutTests.xctest; sourceTree = BUILT_PRODUCTS_DIR; };
		8C4238D82C7834E900B2EB2F /* AutoLayoutTests.swift */ = {isa = PBXFileReference; lastKnownFileType = sourcecode.swift; path = AutoLayoutTests.swift; sourceTree = "<group>"; };
		8C4238DE2C7834E900B2EB2F /* AutoLayoutUITests.xctest */ = {isa = PBXFileReference; explicitFileType = wrapper.cfbundle; includeInIndex = 0; path = AutoLayoutUITests.xctest; sourceTree = BUILT_PRODUCTS_DIR; };
		8C4238E22C7834E900B2EB2F /* AutoLayoutUITests.swift */ = {isa = PBXFileReference; lastKnownFileType = sourcecode.swift; path = AutoLayoutUITests.swift; sourceTree = "<group>"; };
		8C4238E42C7834E900B2EB2F /* AutoLayoutUITestsLaunchTests.swift */ = {isa = PBXFileReference; lastKnownFileType = sourcecode.swift; path = AutoLayoutUITestsLaunchTests.swift; sourceTree = "<group>"; };
		8C4238F42C78358200B2EB2F /* AutoLayout.swift */ = {isa = PBXFileReference; lastKnownFileType = sourcecode.swift; path = AutoLayout.swift; sourceTree = "<group>"; };
		8C4238F72C78376C00B2EB2F /* NSLayoutConstraint+Extension.swift */ = {isa = PBXFileReference; lastKnownFileType = sourcecode.swift; path = "NSLayoutConstraint+Extension.swift"; sourceTree = "<group>"; };
		8C4238F92C7837C400B2EB2F /* Array+Extension.swift */ = {isa = PBXFileReference; lastKnownFileType = sourcecode.swift; path = "Array+Extension.swift"; sourceTree = "<group>"; };
/* End PBXFileReference section */

/* Begin PBXFrameworksBuildPhase section */
		8C4238BB2C7834E700B2EB2F /* Frameworks */ = {
			isa = PBXFrameworksBuildPhase;
			buildActionMask = 2147483647;
			files = (
			);
			runOnlyForDeploymentPostprocessing = 0;
		};
		8C4238D12C7834E900B2EB2F /* Frameworks */ = {
			isa = PBXFrameworksBuildPhase;
			buildActionMask = 2147483647;
			files = (
			);
			runOnlyForDeploymentPostprocessing = 0;
		};
		8C4238DB2C7834E900B2EB2F /* Frameworks */ = {
			isa = PBXFrameworksBuildPhase;
			buildActionMask = 2147483647;
			files = (
			);
			runOnlyForDeploymentPostprocessing = 0;
		};
/* End PBXFrameworksBuildPhase section */

/* Begin PBXGroup section */
		8C4238B52C7834E700B2EB2F = {
			isa = PBXGroup;
			children = (
				8C4238C02C7834E700B2EB2F /* AutoLayout */,
				8C4238D72C7834E900B2EB2F /* AutoLayoutTests */,
				8C4238E12C7834E900B2EB2F /* AutoLayoutUITests */,
				8C4238BF2C7834E700B2EB2F /* Products */,
			);
			sourceTree = "<group>";
		};
		8C4238BF2C7834E700B2EB2F /* Products */ = {
			isa = PBXGroup;
			children = (
				8C4238BE2C7834E700B2EB2F /* AutoLayout.app */,
				8C4238D42C7834E900B2EB2F /* AutoLayoutTests.xctest */,
				8C4238DE2C7834E900B2EB2F /* AutoLayoutUITests.xctest */,
			);
			name = Products;
			sourceTree = "<group>";
		};
		8C4238C02C7834E700B2EB2F /* AutoLayout */ = {
			isa = PBXGroup;
			children = (
				8C4238F32C78351D00B2EB2F /* Project */,
				8C4238F22C78351400B2EB2F /* Common */,
				8C4238F12C78350700B2EB2F /* Config */,
				8C4238CA2C7834E800B2EB2F /* Assets.xcassets */,
				8C4238CF2C7834E800B2EB2F /* Info.plist */,
			);
			path = AutoLayout;
			sourceTree = "<group>";
		};
		8C4238D72C7834E900B2EB2F /* AutoLayoutTests */ = {
			isa = PBXGroup;
			children = (
				8C4238D82C7834E900B2EB2F /* AutoLayoutTests.swift */,
			);
			path = AutoLayoutTests;
			sourceTree = "<group>";
		};
		8C4238E12C7834E900B2EB2F /* AutoLayoutUITests */ = {
			isa = PBXGroup;
			children = (
				8C4238E22C7834E900B2EB2F /* AutoLayoutUITests.swift */,
				8C4238E42C7834E900B2EB2F /* AutoLayoutUITestsLaunchTests.swift */,
			);
			path = AutoLayoutUITests;
			sourceTree = "<group>";
		};
		8C4238F12C78350700B2EB2F /* Config */ = {
			isa = PBXGroup;
			children = (
				8C4238C12C7834E700B2EB2F /* AppDelegate.swift */,
				8C4238C32C7834E700B2EB2F /* SceneDelegate.swift */,
			);
			path = Config;
			sourceTree = "<group>";
		};
		8C4238F22C78351400B2EB2F /* Common */ = {
			isa = PBXGroup;
			children = (
			);
			path = Common;
			sourceTree = "<group>";
		};
		8C4238F32C78351D00B2EB2F /* Project */ = {
			isa = PBXGroup;
			children = (
				8C4238F62C78375700B2EB2F /* Extension */,
				8C4238C52C7834E700B2EB2F /* ViewController.swift */,
				8C4238F42C78358200B2EB2F /* AutoLayout.swift */,
			);
			path = Project;
			sourceTree = "<group>";
		};
		8C4238F62C78375700B2EB2F /* Extension */ = {
			isa = PBXGroup;
			children = (
				8C4238F72C78376C00B2EB2F /* NSLayoutConstraint+Extension.swift */,
				8C4238F92C7837C400B2EB2F /* Array+Extension.swift */,
			);
			path = Extension;
			sourceTree = "<group>";
		};
/* End PBXGroup section */

/* Begin PBXNativeTarget section */
		8C4238BD2C7834E700B2EB2F /* AutoLayout */ = {
			isa = PBXNativeTarget;
			buildConfigurationList = 8C4238E82C7834E900B2EB2F /* Build configuration list for PBXNativeTarget "AutoLayout" */;
			buildPhases = (
				8C4238BA2C7834E700B2EB2F /* Sources */,
				8C4238BB2C7834E700B2EB2F /* Frameworks */,
				8C4238BC2C7834E700B2EB2F /* Resources */,
			);
			buildRules = (
			);
			dependencies = (
			);
			name = AutoLayout;
			productName = AutoLayout;
			productReference = 8C4238BE2C7834E700B2EB2F /* AutoLayout.app */;
			productType = "com.apple.product-type.application";
		};
		8C4238D32C7834E900B2EB2F /* AutoLayoutTests */ = {
			isa = PBXNativeTarget;
			buildConfigurationList = 8C4238EB2C7834E900B2EB2F /* Build configuration list for PBXNativeTarget "AutoLayoutTests" */;
			buildPhases = (
				8C4238D02C7834E900B2EB2F /* Sources */,
				8C4238D12C7834E900B2EB2F /* Frameworks */,
				8C4238D22C7834E900B2EB2F /* Resources */,
			);
			buildRules = (
			);
			dependencies = (
				8C4238D62C7834E900B2EB2F /* PBXTargetDependency */,
			);
			name = AutoLayoutTests;
			productName = AutoLayoutTests;
			productReference = 8C4238D42C7834E900B2EB2F /* AutoLayoutTests.xctest */;
			productType = "com.apple.product-type.bundle.unit-test";
		};
		8C4238DD2C7834E900B2EB2F /* AutoLayoutUITests */ = {
			isa = PBXNativeTarget;
			buildConfigurationList = 8C4238EE2C7834E900B2EB2F /* Build configuration list for PBXNativeTarget "AutoLayoutUITests" */;
			buildPhases = (
				8C4238DA2C7834E900B2EB2F /* Sources */,
				8C4238DB2C7834E900B2EB2F /* Frameworks */,
				8C4238DC2C7834E900B2EB2F /* Resources */,
			);
			buildRules = (
			);
			dependencies = (
				8C4238E02C7834E900B2EB2F /* PBXTargetDependency */,
			);
			name = AutoLayoutUITests;
			productName = AutoLayoutUITests;
			productReference = 8C4238DE2C7834E900B2EB2F /* AutoLayoutUITests.xctest */;
			productType = "com.apple.product-type.bundle.ui-testing";
		};
/* End PBXNativeTarget section */

/* Begin PBXProject section */
		8C4238B62C7834E700B2EB2F /* Project object */ = {
			isa = PBXProject;
			attributes = {
				BuildIndependentTargetsInParallel = 1;
				LastSwiftUpdateCheck = 1540;
				LastUpgradeCheck = 1540;
				TargetAttributes = {
					8C4238BD2C7834E700B2EB2F = {
						CreatedOnToolsVersion = 15.4;
					};
					8C4238D32C7834E900B2EB2F = {
						CreatedOnToolsVersion = 15.4;
						TestTargetID = 8C4238BD2C7834E700B2EB2F;
					};
					8C4238DD2C7834E900B2EB2F = {
						CreatedOnToolsVersion = 15.4;
						TestTargetID = 8C4238BD2C7834E700B2EB2F;
					};
				};
			};
			buildConfigurationList = 8C4238B92C7834E700B2EB2F /* Build configuration list for PBXProject "AutoLayout" */;
			compatibilityVersion = "Xcode 14.0";
			developmentRegion = en;
			hasScannedForEncodings = 0;
			knownRegions = (
				en,
				Base,
			);
			mainGroup = 8C4238B52C7834E700B2EB2F;
			productRefGroup = 8C4238BF2C7834E700B2EB2F /* Products */;
			projectDirPath = "";
			projectRoot = "";
			targets = (
				8C4238BD2C7834E700B2EB2F /* AutoLayout */,
				8C4238D32C7834E900B2EB2F /* AutoLayoutTests */,
				8C4238DD2C7834E900B2EB2F /* AutoLayoutUITests */,
			);
		};
/* End PBXProject section */

/* Begin PBXResourcesBuildPhase section */
		8C4238BC2C7834E700B2EB2F /* Resources */ = {
			isa = PBXResourcesBuildPhase;
			buildActionMask = 2147483647;
			files = (
				8C4238CB2C7834E800B2EB2F /* Assets.xcassets in Resources */,
			);
			runOnlyForDeploymentPostprocessing = 0;
		};
		8C4238D22C7834E900B2EB2F /* Resources */ = {
			isa = PBXResourcesBuildPhase;
			buildActionMask = 2147483647;
			files = (
			);
			runOnlyForDeploymentPostprocessing = 0;
		};
		8C4238DC2C7834E900B2EB2F /* Resources */ = {
			isa = PBXResourcesBuildPhase;
			buildActionMask = 2147483647;
			files = (
			);
			runOnlyForDeploymentPostprocessing = 0;
		};
/* End PBXResourcesBuildPhase section */

/* Begin PBXSourcesBuildPhase section */
		8C4238BA2C7834E700B2EB2F /* Sources */ = {
			isa = PBXSourcesBuildPhase;
			buildActionMask = 2147483647;
			files = (
				8C4238C62C7834E700B2EB2F /* ViewController.swift in Sources */,
				8C4238F82C78376C00B2EB2F /* NSLayoutConstraint+Extension.swift in Sources */,
				8C4238C22C7834E700B2EB2F /* AppDelegate.swift in Sources */,
				8C4238FA2C7837C400B2EB2F /* Array+Extension.swift in Sources */,
				8C4238F52C78358200B2EB2F /* AutoLayout.swift in Sources */,
				8C4238C42C7834E700B2EB2F /* SceneDelegate.swift in Sources */,
			);
			runOnlyForDeploymentPostprocessing = 0;
		};
		8C4238D02C7834E900B2EB2F /* Sources */ = {
			isa = PBXSourcesBuildPhase;
			buildActionMask = 2147483647;
			files = (
				8C4238D92C7834E900B2EB2F /* AutoLayoutTests.swift in Sources */,
			);
			runOnlyForDeploymentPostprocessing = 0;
		};
		8C4238DA2C7834E900B2EB2F /* Sources */ = {
			isa = PBXSourcesBuildPhase;
			buildActionMask = 2147483647;
			files = (
				8C4238E32C7834E900B2EB2F /* AutoLayoutUITests.swift in Sources */,
				8C4238E52C7834E900B2EB2F /* AutoLayoutUITestsLaunchTests.swift in Sources */,
			);
			runOnlyForDeploymentPostprocessing = 0;
		};
/* End PBXSourcesBuildPhase section */

/* Begin PBXTargetDependency section */
		8C4238D62C7834E900B2EB2F /* PBXTargetDependency */ = {
			isa = PBXTargetDependency;
			target = 8C4238BD2C7834E700B2EB2F /* AutoLayout */;
			targetProxy = 8C4238D52C7834E900B2EB2F /* PBXContainerItemProxy */;
		};
		8C4238E02C7834E900B2EB2F /* PBXTargetDependency */ = {
			isa = PBXTargetDependency;
			target = 8C4238BD2C7834E700B2EB2F /* AutoLayout */;
			targetProxy = 8C4238DF2C7834E900B2EB2F /* PBXContainerItemProxy */;
		};
/* End PBXTargetDependency section */

/* Begin XCBuildConfiguration section */
		8C4238E62C7834E900B2EB2F /* Debug */ = {
			isa = XCBuildConfiguration;
			buildSettings = {
				ALWAYS_SEARCH_USER_PATHS = NO;
				ASSETCATALOG_COMPILER_GENERATE_SWIFT_ASSET_SYMBOL_EXTENSIONS = YES;
				CLANG_ANALYZER_NONNULL = YES;
				CLANG_ANALYZER_NUMBER_OBJECT_CONVERSION = YES_AGGRESSIVE;
				CLANG_CXX_LANGUAGE_STANDARD = "gnu++20";
				CLANG_ENABLE_MODULES = YES;
				CLANG_ENABLE_OBJC_ARC = YES;
				CLANG_ENABLE_OBJC_WEAK = YES;
				CLANG_WARN_BLOCK_CAPTURE_AUTORELEASING = YES;
				CLANG_WARN_BOOL_CONVERSION = YES;
				CLANG_WARN_COMMA = YES;
				CLANG_WARN_CONSTANT_CONVERSION = YES;
				CLANG_WARN_DEPRECATED_OBJC_IMPLEMENTATIONS = YES;
				CLANG_WARN_DIRECT_OBJC_ISA_USAGE = YES_ERROR;
				CLANG_WARN_DOCUMENTATION_COMMENTS = YES;
				CLANG_WARN_EMPTY_BODY = YES;
				CLANG_WARN_ENUM_CONVERSION = YES;
				CLANG_WARN_INFINITE_RECURSION = YES;
				CLANG_WARN_INT_CONVERSION = YES;
				CLANG_WARN_NON_LITERAL_NULL_CONVERSION = YES;
				CLANG_WARN_OBJC_IMPLICIT_RETAIN_SELF = YES;
				CLANG_WARN_OBJC_LITERAL_CONVERSION = YES;
				CLANG_WARN_OBJC_ROOT_CLASS = YES_ERROR;
				CLANG_WARN_QUOTED_INCLUDE_IN_FRAMEWORK_HEADER = YES;
				CLANG_WARN_RANGE_LOOP_ANALYSIS = YES;
				CLANG_WARN_STRICT_PROTOTYPES = YES;
				CLANG_WARN_SUSPICIOUS_MOVE = YES;
				CLANG_WARN_UNGUARDED_AVAILABILITY = YES_AGGRESSIVE;
				CLANG_WARN_UNREACHABLE_CODE = YES;
				CLANG_WARN__DUPLICATE_METHOD_MATCH = YES;
				COPY_PHASE_STRIP = NO;
				DEBUG_INFORMATION_FORMAT = dwarf;
				ENABLE_STRICT_OBJC_MSGSEND = YES;
				ENABLE_TESTABILITY = YES;
				ENABLE_USER_SCRIPT_SANDBOXING = YES;
				GCC_C_LANGUAGE_STANDARD = gnu17;
				GCC_DYNAMIC_NO_PIC = NO;
				GCC_NO_COMMON_BLOCKS = YES;
				GCC_OPTIMIZATION_LEVEL = 0;
				GCC_PREPROCESSOR_DEFINITIONS = (
					"DEBUG=1",
					"$(inherited)",
				);
				GCC_WARN_64_TO_32_BIT_CONVERSION = YES;
				GCC_WARN_ABOUT_RETURN_TYPE = YES_ERROR;
				GCC_WARN_UNDECLARED_SELECTOR = YES;
				GCC_WARN_UNINITIALIZED_AUTOS = YES_AGGRESSIVE;
				GCC_WARN_UNUSED_FUNCTION = YES;
				GCC_WARN_UNUSED_VARIABLE = YES;
				IPHONEOS_DEPLOYMENT_TARGET = 17.5;
				LOCALIZATION_PREFERS_STRING_CATALOGS = YES;
				MTL_ENABLE_DEBUG_INFO = INCLUDE_SOURCE;
				MTL_FAST_MATH = YES;
				ONLY_ACTIVE_ARCH = YES;
				SDKROOT = iphoneos;
				SWIFT_ACTIVE_COMPILATION_CONDITIONS = "DEBUG $(inherited)";
				SWIFT_OPTIMIZATION_LEVEL = "-Onone";
			};
			name = Debug;
		};
		8C4238E72C7834E900B2EB2F /* Release */ = {
			isa = XCBuildConfiguration;
			buildSettings = {
				ALWAYS_SEARCH_USER_PATHS = NO;
				ASSETCATALOG_COMPILER_GENERATE_SWIFT_ASSET_SYMBOL_EXTENSIONS = YES;
				CLANG_ANALYZER_NONNULL = YES;
				CLANG_ANALYZER_NUMBER_OBJECT_CONVERSION = YES_AGGRESSIVE;
				CLANG_CXX_LANGUAGE_STANDARD = "gnu++20";
				CLANG_ENABLE_MODULES = YES;
				CLANG_ENABLE_OBJC_ARC = YES;
				CLANG_ENABLE_OBJC_WEAK = YES;
				CLANG_WARN_BLOCK_CAPTURE_AUTORELEASING = YES;
				CLANG_WARN_BOOL_CONVERSION = YES;
				CLANG_WARN_COMMA = YES;
				CLANG_WARN_CONSTANT_CONVERSION = YES;
				CLANG_WARN_DEPRECATED_OBJC_IMPLEMENTATIONS = YES;
				CLANG_WARN_DIRECT_OBJC_ISA_USAGE = YES_ERROR;
				CLANG_WARN_DOCUMENTATION_COMMENTS = YES;
				CLANG_WARN_EMPTY_BODY = YES;
				CLANG_WARN_ENUM_CONVERSION = YES;
				CLANG_WARN_INFINITE_RECURSION = YES;
				CLANG_WARN_INT_CONVERSION = YES;
				CLANG_WARN_NON_LITERAL_NULL_CONVERSION = YES;
				CLANG_WARN_OBJC_IMPLICIT_RETAIN_SELF = YES;
				CLANG_WARN_OBJC_LITERAL_CONVERSION = YES;
				CLANG_WARN_OBJC_ROOT_CLASS = YES_ERROR;
				CLANG_WARN_QUOTED_INCLUDE_IN_FRAMEWORK_HEADER = YES;
				CLANG_WARN_RANGE_LOOP_ANALYSIS = YES;
				CLANG_WARN_STRICT_PROTOTYPES = YES;
				CLANG_WARN_SUSPICIOUS_MOVE = YES;
				CLANG_WARN_UNGUARDED_AVAILABILITY = YES_AGGRESSIVE;
				CLANG_WARN_UNREACHABLE_CODE = YES;
				CLANG_WARN__DUPLICATE_METHOD_MATCH = YES;
				COPY_PHASE_STRIP = NO;
				DEBUG_INFORMATION_FORMAT = "dwarf-with-dsym";
				ENABLE_NS_ASSERTIONS = NO;
				ENABLE_STRICT_OBJC_MSGSEND = YES;
				ENABLE_USER_SCRIPT_SANDBOXING = YES;
				GCC_C_LANGUAGE_STANDARD = gnu17;
				GCC_NO_COMMON_BLOCKS = YES;
				GCC_WARN_64_TO_32_BIT_CONVERSION = YES;
				GCC_WARN_ABOUT_RETURN_TYPE = YES_ERROR;
				GCC_WARN_UNDECLARED_SELECTOR = YES;
				GCC_WARN_UNINITIALIZED_AUTOS = YES_AGGRESSIVE;
				GCC_WARN_UNUSED_FUNCTION = YES;
				GCC_WARN_UNUSED_VARIABLE = YES;
				IPHONEOS_DEPLOYMENT_TARGET = 17.5;
				LOCALIZATION_PREFERS_STRING_CATALOGS = YES;
				MTL_ENABLE_DEBUG_INFO = NO;
				MTL_FAST_MATH = YES;
				SDKROOT = iphoneos;
				SWIFT_COMPILATION_MODE = wholemodule;
				VALIDATE_PRODUCT = YES;
			};
			name = Release;
		};
		8C4238E92C7834E900B2EB2F /* Debug */ = {
			isa = XCBuildConfiguration;
			buildSettings = {
				ASSETCATALOG_COMPILER_APPICON_NAME = AppIcon;
				ASSETCATALOG_COMPILER_GLOBAL_ACCENT_COLOR_NAME = AccentColor;
				CODE_SIGN_STYLE = Automatic;
				CURRENT_PROJECT_VERSION = 1;
				GENERATE_INFOPLIST_FILE = YES;
				INFOPLIST_FILE = AutoLayout/Info.plist;
				INFOPLIST_KEY_UIApplicationSupportsIndirectInputEvents = YES;
				INFOPLIST_KEY_UILaunchStoryboardName = LaunchScreen;
				INFOPLIST_KEY_UIMainStoryboardFile = Main;
				INFOPLIST_KEY_UISupportedInterfaceOrientations_iPad = "UIInterfaceOrientationPortrait UIInterfaceOrientationPortraitUpsideDown UIInterfaceOrientationLandscapeLeft UIInterfaceOrientationLandscapeRight";
				INFOPLIST_KEY_UISupportedInterfaceOrientations_iPhone = "UIInterfaceOrientationPortrait UIInterfaceOrientationLandscapeLeft UIInterfaceOrientationLandscapeRight";
				LD_RUNPATH_SEARCH_PATHS = (
					"$(inherited)",
					"@executable_path/Frameworks",
				);
				MARKETING_VERSION = 1.0;
				PRODUCT_BUNDLE_IDENTIFIER = com.app.AutoLayout;
				PRODUCT_NAME = "$(TARGET_NAME)";
				SWIFT_EMIT_LOC_STRINGS = YES;
				SWIFT_VERSION = 5.0;
				TARGETED_DEVICE_FAMILY = "1,2";
			};
			name = Debug;
		};
		8C4238EA2C7834E900B2EB2F /* Release */ = {
			isa = XCBuildConfiguration;
			buildSettings = {
				ASSETCATALOG_COMPILER_APPICON_NAME = AppIcon;
				ASSETCATALOG_COMPILER_GLOBAL_ACCENT_COLOR_NAME = AccentColor;
				CODE_SIGN_STYLE = Automatic;
				CURRENT_PROJECT_VERSION = 1;
				GENERATE_INFOPLIST_FILE = YES;
				INFOPLIST_FILE = AutoLayout/Info.plist;
				INFOPLIST_KEY_UIApplicationSupportsIndirectInputEvents = YES;
				INFOPLIST_KEY_UILaunchStoryboardName = LaunchScreen;
				INFOPLIST_KEY_UIMainStoryboardFile = Main;
				INFOPLIST_KEY_UISupportedInterfaceOrientations_iPad = "UIInterfaceOrientationPortrait UIInterfaceOrientationPortraitUpsideDown UIInterfaceOrientationLandscapeLeft UIInterfaceOrientationLandscapeRight";
				INFOPLIST_KEY_UISupportedInterfaceOrientations_iPhone = "UIInterfaceOrientationPortrait UIInterfaceOrientationLandscapeLeft UIInterfaceOrientationLandscapeRight";
				LD_RUNPATH_SEARCH_PATHS = (
					"$(inherited)",
					"@executable_path/Frameworks",
				);
				MARKETING_VERSION = 1.0;
				PRODUCT_BUNDLE_IDENTIFIER = com.app.AutoLayout;
				PRODUCT_NAME = "$(TARGET_NAME)";
				SWIFT_EMIT_LOC_STRINGS = YES;
				SWIFT_VERSION = 5.0;
				TARGETED_DEVICE_FAMILY = "1,2";
			};
			name = Release;
		};
		8C4238EC2C7834E900B2EB2F /* Debug */ = {
			isa = XCBuildConfiguration;
			buildSettings = {
				ALWAYS_EMBED_SWIFT_STANDARD_LIBRARIES = YES;
				BUNDLE_LOADER = "$(TEST_HOST)";
				CODE_SIGN_STYLE = Automatic;
				CURRENT_PROJECT_VERSION = 1;
				GENERATE_INFOPLIST_FILE = YES;
				IPHONEOS_DEPLOYMENT_TARGET = 17.5;
				MARKETING_VERSION = 1.0;
				PRODUCT_BUNDLE_IDENTIFIER = com.app.AutoLayoutTests;
				PRODUCT_NAME = "$(TARGET_NAME)";
				SWIFT_EMIT_LOC_STRINGS = NO;
				SWIFT_VERSION = 5.0;
				TARGETED_DEVICE_FAMILY = "1,2";
				TEST_HOST = "$(BUILT_PRODUCTS_DIR)/AutoLayout.app/$(BUNDLE_EXECUTABLE_FOLDER_PATH)/AutoLayout";
			};
			name = Debug;
		};
		8C4238ED2C7834E900B2EB2F /* Release */ = {
			isa = XCBuildConfiguration;
			buildSettings = {
				ALWAYS_EMBED_SWIFT_STANDARD_LIBRARIES = YES;
				BUNDLE_LOADER = "$(TEST_HOST)";
				CODE_SIGN_STYLE = Automatic;
				CURRENT_PROJECT_VERSION = 1;
				GENERATE_INFOPLIST_FILE = YES;
				IPHONEOS_DEPLOYMENT_TARGET = 17.5;
				MARKETING_VERSION = 1.0;
				PRODUCT_BUNDLE_IDENTIFIER = com.app.AutoLayoutTests;
				PRODUCT_NAME = "$(TARGET_NAME)";
				SWIFT_EMIT_LOC_STRINGS = NO;
				SWIFT_VERSION = 5.0;
				TARGETED_DEVICE_FAMILY = "1,2";
				TEST_HOST = "$(BUILT_PRODUCTS_DIR)/AutoLayout.app/$(BUNDLE_EXECUTABLE_FOLDER_PATH)/AutoLayout";
			};
			name = Release;
		};
		8C4238EF2C7834E900B2EB2F /* Debug */ = {
			isa = XCBuildConfiguration;
			buildSettings = {
				ALWAYS_EMBED_SWIFT_STANDARD_LIBRARIES = YES;
				CODE_SIGN_STYLE = Automatic;
				CURRENT_PROJECT_VERSION = 1;
				GENERATE_INFOPLIST_FILE = YES;
				MARKETING_VERSION = 1.0;
				PRODUCT_BUNDLE_IDENTIFIER = com.app.AutoLayoutUITests;
				PRODUCT_NAME = "$(TARGET_NAME)";
				SWIFT_EMIT_LOC_STRINGS = NO;
				SWIFT_VERSION = 5.0;
				TARGETED_DEVICE_FAMILY = "1,2";
				TEST_TARGET_NAME = AutoLayout;
			};
			name = Debug;
		};
		8C4238F02C7834E900B2EB2F /* Release */ = {
			isa = XCBuildConfiguration;
			buildSettings = {
				ALWAYS_EMBED_SWIFT_STANDARD_LIBRARIES = YES;
				CODE_SIGN_STYLE = Automatic;
				CURRENT_PROJECT_VERSION = 1;
				GENERATE_INFOPLIST_FILE = YES;
				MARKETING_VERSION = 1.0;
				PRODUCT_BUNDLE_IDENTIFIER = com.app.AutoLayoutUITests;
				PRODUCT_NAME = "$(TARGET_NAME)";
				SWIFT_EMIT_LOC_STRINGS = NO;
				SWIFT_VERSION = 5.0;
				TARGETED_DEVICE_FAMILY = "1,2";
				TEST_TARGET_NAME = AutoLayout;
			};
			name = Release;
		};
/* End XCBuildConfiguration section */

/* Begin XCConfigurationList section */
		8C4238B92C7834E700B2EB2F /* Build configuration list for PBXProject "AutoLayout" */ = {
			isa = XCConfigurationList;
			buildConfigurations = (
				8C4238E62C7834E900B2EB2F /* Debug */,
				8C4238E72C7834E900B2EB2F /* Release */,
			);
			defaultConfigurationIsVisible = 0;
			defaultConfigurationName = Release;
		};
		8C4238E82C7834E900B2EB2F /* Build configuration list for PBXNativeTarget "AutoLayout" */ = {
			isa = XCConfigurationList;
			buildConfigurations = (
				8C4238E92C7834E900B2EB2F /* Debug */,
				8C4238EA2C7834E900B2EB2F /* Release */,
			);
			defaultConfigurationIsVisible = 0;
			defaultConfigurationName = Release;
		};
		8C4238EB2C7834E900B2EB2F /* Build configuration list for PBXNativeTarget "AutoLayoutTests" */ = {
			isa = XCConfigurationList;
			buildConfigurations = (
				8C4238EC2C7834E900B2EB2F /* Debug */,
				8C4238ED2C7834E900B2EB2F /* Release */,
			);
			defaultConfigurationIsVisible = 0;
			defaultConfigurationName = Release;
		};
		8C4238EE2C7834E900B2EB2F /* Build configuration list for PBXNativeTarget "AutoLayoutUITests" */ = {
			isa = XCConfigurationList;
			buildConfigurations = (
				8C4238EF2C7834E900B2EB2F /* Debug */,
				8C4238F02C7834E900B2EB2F /* Release */,
			);
			defaultConfigurationIsVisible = 0;
			defaultConfigurationName = Release;
		};
/* End XCConfigurationList section */
	};
	rootObject = 8C4238B62C7834E700B2EB2F /* Project object */;
}
